
Microsoft Visual Studio Solution File, Format Version 12.00
# Visual Studio Version 17
VisualStudioVersion = 17.7.34221.43
MinimumVisualStudioVersion = 10.0.40219.1
Project("{FAE04EC0-301F-11D3-BF4B-00C04F79EFBC}") = "Todoapplication", "Todoapplication\Todoapplication.csproj", "{73AAEA08-86AE-4FD3-B93C-7F11FE7C4C0E}"
EndProject
Global
	GlobalSection(SolutionConfigurationPlatforms) = preSolution
		Debug|Any CPU = Debug|Any CPU
		Release|Any CPU = Release|Any CPU
	EndGlobalSection
	GlobalSection(ProjectConfigurationPlatforms) = postSolution
		{73AAEA08-86AE-4FD3-B93C-7F11FE7C4C0E}.Debug|Any CPU.ActiveCfg = Debug|Any CPU
		{73AAEA08-86AE-4FD3-B93C-7F11FE7C4C0E}.Debug|Any CPU.Build.0 = Debug|Any CPU
		{73AAEA08-86AE-4FD3-B93C-7F11FE7C4C0E}.Release|Any CPU.ActiveCfg = Release|Any CPU
		{73AAEA08-86AE-4FD3-B93C-7F11FE7C4C0E}.Release|Any CPU.Build.0 = Release|Any CPU
	EndGlobalSection
	GlobalSection(SolutionProperties) = preSolution
		HideSolutionNode = FALSE
	EndGlobalSection
	GlobalSection(ExtensibilityGlobals) = postSolution
		SolutionGuid = {89A5258C-E264-4B7A-A166-604B9FB1C522}
	EndGlobalSection
EndGlobal
